
Microsoft Visual Studio Solution File, Format Version 12.00
# Visual Studio Version 17
VisualStudioVersion = 17.5.002.0
MinimumVisualStudioVersion = 10.0.40219.1
Project("{9A19103F-16F7-4668-BE54-9A1E7A4F7556}") = "calculadora", "calculadora.csproj", "{61581BEF-E7FC-474A-A6AC-1D88E507BCC9}"
EndProject
Global
	GlobalSection(SolutionConfigurationPlatforms) = preSolution
		Debug|Any CPU = Debug|Any CPU
		Release|Any CPU = Release|Any CPU
	EndGlobalSection
	GlobalSection(ProjectConfigurationPlatforms) = postSolution
		{61581BEF-E7FC-474A-A6AC-1D88E507BCC9}.Debug|Any CPU.ActiveCfg = Debug|Any CPU
		{61581BEF-E7FC-474A-A6AC-1D88E507BCC9}.Debug|Any CPU.Build.0 = Debug|Any CPU
		{61581BEF-E7FC-474A-A6AC-1D88E507BCC9}.Release|Any CPU.ActiveCfg = Release|Any CPU
		{61581BEF-E7FC-474A-A6AC-1D88E507BCC9}.Release|Any CPU.Build.0 = Release|Any CPU
	EndGlobalSection
	GlobalSection(SolutionProperties) = preSolution
		HideSolutionNode = FALSE
	EndGlobalSection
	GlobalSection(ExtensibilityGlobals) = postSolution
		SolutionGuid = {840EEC2E-F118-40A7-A4FB-D2AF66808EF5}
	EndGlobalSection
EndGlobal
